# THIS IS AN AUTOGENERATED FILE. DO NOT EDIT THIS FILE DIRECTLY.
# yarn lockfile v1


sea.js@^2.3.0:
  version "2.3.0"
  resolved "https://registry.yarnpkg.com/sea.js/-/sea.js-2.3.0.tgz#74078c3154e935f262c39ed18a1cde6058c93b3d"
  integrity sha512-Ra654DoVgZ9XMAneD97+JgcX205qEiz+/p8N6Jh4g0K20S2UnUVxEDTuVulheg3RSIe1/+pG/5QktXuexNY9Jw==
